
Microsoft Visual Studio Solution File, Format Version 12.00
# Visual Studio Version 17
VisualStudioVersion = 17.2.32616.157
MinimumVisualStudioVersion = 10.0.40219.1
Project("{9A19103F-16F7-4668-BE54-9A1E7A4F7556}") = "ActInterfacezMotos", "ActInterfacez\ActInterfacezMotos.csproj", "{EF0C2F64-6725-47BC-94FD-F77AB152905C}"
EndProject
Global
	GlobalSection(SolutionConfigurationPlatforms) = preSolution
		Debug|Any CPU = Debug|Any CPU
		Release|Any CPU = Release|Any CPU
	EndGlobalSection
	GlobalSection(ProjectConfigurationPlatforms) = postSolution
		{EF0C2F64-6725-47BC-94FD-F77AB152905C}.Debug|Any CPU.ActiveCfg = Debug|Any CPU
		{EF0C2F64-6725-47BC-94FD-F77AB152905C}.Debug|Any CPU.Build.0 = Debug|Any CPU
		{EF0C2F64-6725-47BC-94FD-F77AB152905C}.Release|Any CPU.ActiveCfg = Release|Any CPU
		{EF0C2F64-6725-47BC-94FD-F77AB152905C}.Release|Any CPU.Build.0 = Release|Any CPU
	EndGlobalSection
	GlobalSection(SolutionProperties) = preSolution
		HideSolutionNode = FALSE
	EndGlobalSection
	GlobalSection(ExtensibilityGlobals) = postSolution
		SolutionGuid = {761A92BB-45B2-4582-AEE5-8AC49A22DEDD}
	EndGlobalSection
EndGlobal
